
Microsoft Visual Studio Solution File, Format Version 12.00
# Visual Studio Version 17
VisualStudioVersion = 17.9.34701.34
MinimumVisualStudioVersion = 10.0.40219.1
Project("{FAE04EC0-301F-11D3-BF4B-00C04F79EFBC}") = "LoyaltyServiceTests", "LoyaltyServiceTests\LoyaltyServiceTests.csproj", "{DC794128-E1C4-44BD-B6B9-0AB128820A50}"
EndProject
Project("{FAE04EC0-301F-11D3-BF4B-00C04F79EFBC}") = "LoyaltyServiceProject", "LoyaltyServiceProject\LoyaltyServiceProject.csproj", "{67323D55-0707-45B3-8454-627ACEC3D1EA}"
EndProject
Global
	GlobalSection(SolutionConfigurationPlatforms) = preSolution
		Debug|Any CPU = Debug|Any CPU
		Release|Any CPU = Release|Any CPU
	EndGlobalSection
	GlobalSection(ProjectConfigurationPlatforms) = postSolution
		{DC794128-E1C4-44BD-B6B9-0AB128820A50}.Debug|Any CPU.ActiveCfg = Debug|Any CPU
		{DC794128-E1C4-44BD-B6B9-0AB128820A50}.Debug|Any CPU.Build.0 = Debug|Any CPU
		{DC794128-E1C4-44BD-B6B9-0AB128820A50}.Release|Any CPU.ActiveCfg = Release|Any CPU
		{DC794128-E1C4-44BD-B6B9-0AB128820A50}.Release|Any CPU.Build.0 = Release|Any CPU
		{67323D55-0707-45B3-8454-627ACEC3D1EA}.Debug|Any CPU.ActiveCfg = Debug|Any CPU
		{67323D55-0707-45B3-8454-627ACEC3D1EA}.Debug|Any CPU.Build.0 = Debug|Any CPU
		{67323D55-0707-45B3-8454-627ACEC3D1EA}.Release|Any CPU.ActiveCfg = Release|Any CPU
		{67323D55-0707-45B3-8454-627ACEC3D1EA}.Release|Any CPU.Build.0 = Release|Any CPU
	EndGlobalSection
	GlobalSection(SolutionProperties) = preSolution
		HideSolutionNode = FALSE
	EndGlobalSection
	GlobalSection(ExtensibilityGlobals) = postSolution
		SolutionGuid = {9150941C-CEEF-4535-864A-2157ACD4F2C1}
	EndGlobalSection
EndGlobal
